
Microsoft Visual Studio Solution File, Format Version 12.00
# Visual Studio Version 17
VisualStudioVersion = 17.4.33205.214
MinimumVisualStudioVersion = 10.0.40219.1
Project("{FAE04EC0-301F-11D3-BF4B-00C04F79EFBC}") = "ForceDisposeDuringInitBlazorApp.Server", "ForceDisposeDuringInitBlazorApp\Server\ForceDisposeDuringInitBlazorApp.Server.csproj", "{D91EE534-71BF-4B81-9A77-FB56BCB7EB49}"
EndProject
Project("{FAE04EC0-301F-11D3-BF4B-00C04F79EFBC}") = "ForceDisposeDuringInitBlazorApp.Client", "ForceDisposeDuringInitBlazorApp\Client\ForceDisposeDuringInitBlazorApp.Client.csproj", "{4F29E93F-6D73-40D1-AA4B-0D6ED264E486}"
EndProject
Project("{FAE04EC0-301F-11D3-BF4B-00C04F79EFBC}") = "ForceDisposeDuringInitBlazorApp.Shared", "ForceDisposeDuringInitBlazorApp\Shared\ForceDisposeDuringInitBlazorApp.Shared.csproj", "{A8DDEB33-A7B9-4D83-A96F-FBA8CF577CD6}"
EndProject
Global
	GlobalSection(SolutionConfigurationPlatforms) = preSolution
		Debug|Any CPU = Debug|Any CPU
		Release|Any CPU = Release|Any CPU
	EndGlobalSection
	GlobalSection(ProjectConfigurationPlatforms) = postSolution
		{D91EE534-71BF-4B81-9A77-FB56BCB7EB49}.Debug|Any CPU.ActiveCfg = Debug|Any CPU
		{D91EE534-71BF-4B81-9A77-FB56BCB7EB49}.Debug|Any CPU.Build.0 = Debug|Any CPU
		{D91EE534-71BF-4B81-9A77-FB56BCB7EB49}.Release|Any CPU.ActiveCfg = Release|Any CPU
		{D91EE534-71BF-4B81-9A77-FB56BCB7EB49}.Release|Any CPU.Build.0 = Release|Any CPU
		{4F29E93F-6D73-40D1-AA4B-0D6ED264E486}.Debug|Any CPU.ActiveCfg = Debug|Any CPU
		{4F29E93F-6D73-40D1-AA4B-0D6ED264E486}.Debug|Any CPU.Build.0 = Debug|Any CPU
		{4F29E93F-6D73-40D1-AA4B-0D6ED264E486}.Release|Any CPU.ActiveCfg = Release|Any CPU
		{4F29E93F-6D73-40D1-AA4B-0D6ED264E486}.Release|Any CPU.Build.0 = Release|Any CPU
		{A8DDEB33-A7B9-4D83-A96F-FBA8CF577CD6}.Debug|Any CPU.ActiveCfg = Debug|Any CPU
		{A8DDEB33-A7B9-4D83-A96F-FBA8CF577CD6}.Debug|Any CPU.Build.0 = Debug|Any CPU
		{A8DDEB33-A7B9-4D83-A96F-FBA8CF577CD6}.Release|Any CPU.ActiveCfg = Release|Any CPU
		{A8DDEB33-A7B9-4D83-A96F-FBA8CF577CD6}.Release|Any CPU.Build.0 = Release|Any CPU
	EndGlobalSection
	GlobalSection(SolutionProperties) = preSolution
		HideSolutionNode = FALSE
	EndGlobalSection
	GlobalSection(ExtensibilityGlobals) = postSolution
		SolutionGuid = {AA1E061D-E1AA-4471-A24F-060E8D3A8C73}
	EndGlobalSection
EndGlobal
